
Microsoft Visual Studio Solution File, Format Version 12.00
# Visual Studio Version 17
VisualStudioVersion = 17.5.33627.172
MinimumVisualStudioVersion = 10.0.40219.1
Project("{FAE04EC0-301F-11D3-BF4B-00C04F79EFBC}") = "ControleEstoque", "ControleEstoque.csproj", "{B344CABC-DFE3-48E8-A162-E41BAAA009E9}"
EndProject
Global
	GlobalSection(SolutionConfigurationPlatforms) = preSolution
		Debug|Any CPU = Debug|Any CPU
		Release|Any CPU = Release|Any CPU
	EndGlobalSection
	GlobalSection(ProjectConfigurationPlatforms) = postSolution
		{B344CABC-DFE3-48E8-A162-E41BAAA009E9}.Debug|Any CPU.ActiveCfg = Debug|Any CPU
		{B344CABC-DFE3-48E8-A162-E41BAAA009E9}.Debug|Any CPU.Build.0 = Debug|Any CPU
		{B344CABC-DFE3-48E8-A162-E41BAAA009E9}.Release|Any CPU.ActiveCfg = Release|Any CPU
		{B344CABC-DFE3-48E8-A162-E41BAAA009E9}.Release|Any CPU.Build.0 = Release|Any CPU
	EndGlobalSection
	GlobalSection(SolutionProperties) = preSolution
		HideSolutionNode = FALSE
	EndGlobalSection
	GlobalSection(ExtensibilityGlobals) = postSolution
		SolutionGuid = {FF5B1D81-2C67-4D7F-B051-4AE1E3ECD7B5}
	EndGlobalSection
EndGlobal
